
Microsoft Visual Studio Solution File, Format Version 12.00
# Visual Studio Version 17
VisualStudioVersion = 17.4.33213.308
MinimumVisualStudioVersion = 10.0.40219.1
Project("{FAE04EC0-301F-11D3-BF4B-00C04F79EFBC}") = "AustPIC.db", "AustPIC.db\AustPIC.db.csproj", "{C64CD8F5-B895-4C0C-A30F-D51CA8CFA4AB}"
EndProject
Project("{FAE04EC0-301F-11D3-BF4B-00C04F79EFBC}") = "AustPIC.Models", "AustPIC.Models\AustPIC.Models.csproj", "{79590E31-3D4B-4C45-B03B-6297C8D9841A}"
EndProject
Project("{9A19103F-16F7-4668-BE54-9A1E7A4F7556}") = "AustPICWeb", "AustPICWeb\AustPICWeb.csproj", "{44B1A168-8189-4E40-8C64-6FEE88D30E5B}"
EndProject
Project("{9A19103F-16F7-4668-BE54-9A1E7A4F7556}") = "ClubWebsite", "join-austpic-main\WebApplication1\ClubWebsite.csproj", "{CA4FAA14-133C-4450-843D-896D99FCA657}"
EndProject
Global
	GlobalSection(SolutionConfigurationPlatforms) = preSolution
		Debug|Any CPU = Debug|Any CPU
		Release|Any CPU = Release|Any CPU
	EndGlobalSection
	GlobalSection(ProjectConfigurationPlatforms) = postSolution
		{C64CD8F5-B895-4C0C-A30F-D51CA8CFA4AB}.Debug|Any CPU.ActiveCfg = Debug|Any CPU
		{C64CD8F5-B895-4C0C-A30F-D51CA8CFA4AB}.Debug|Any CPU.Build.0 = Debug|Any CPU
		{C64CD8F5-B895-4C0C-A30F-D51CA8CFA4AB}.Release|Any CPU.ActiveCfg = Release|Any CPU
		{C64CD8F5-B895-4C0C-A30F-D51CA8CFA4AB}.Release|Any CPU.Build.0 = Release|Any CPU
		{79590E31-3D4B-4C45-B03B-6297C8D9841A}.Debug|Any CPU.ActiveCfg = Debug|Any CPU
		{79590E31-3D4B-4C45-B03B-6297C8D9841A}.Debug|Any CPU.Build.0 = Debug|Any CPU
		{79590E31-3D4B-4C45-B03B-6297C8D9841A}.Release|Any CPU.ActiveCfg = Release|Any CPU
		{79590E31-3D4B-4C45-B03B-6297C8D9841A}.Release|Any CPU.Build.0 = Release|Any CPU
		{44B1A168-8189-4E40-8C64-6FEE88D30E5B}.Debug|Any CPU.ActiveCfg = Debug|Any CPU
		{44B1A168-8189-4E40-8C64-6FEE88D30E5B}.Debug|Any CPU.Build.0 = Debug|Any CPU
		{44B1A168-8189-4E40-8C64-6FEE88D30E5B}.Release|Any CPU.ActiveCfg = Release|Any CPU
		{44B1A168-8189-4E40-8C64-6FEE88D30E5B}.Release|Any CPU.Build.0 = Release|Any CPU
		{CA4FAA14-133C-4450-843D-896D99FCA657}.Debug|Any CPU.ActiveCfg = Debug|Any CPU
		{CA4FAA14-133C-4450-843D-896D99FCA657}.Debug|Any CPU.Build.0 = Debug|Any CPU
		{CA4FAA14-133C-4450-843D-896D99FCA657}.Release|Any CPU.ActiveCfg = Release|Any CPU
		{CA4FAA14-133C-4450-843D-896D99FCA657}.Release|Any CPU.Build.0 = Release|Any CPU
	EndGlobalSection
	GlobalSection(SolutionProperties) = preSolution
		HideSolutionNode = FALSE
	EndGlobalSection
	GlobalSection(ExtensibilityGlobals) = postSolution
		SolutionGuid = {D1C32EAC-31D5-4722-AAF3-3E3F92CA2489}
	EndGlobalSection
EndGlobal
